dependencies:
  espressif/button:
    component_hash: f53face2ab21fa0ffaf4cf0f6e513d393f56df6586bb2ad1146120f03f19ee05
    dependencies:
    - name: espressif/cmake_utilities
      registry_url: https://components.espressif.com
      require: private
      version: '*'
    - name: idf
      require: private
      version: '>=4.0'
    source:
      registry_url: https://components.espressif.com/
      type: service
    version: 4.1.3
  espressif/cmake_utilities:
    component_hash: 05165f30922b422b4b90c08845e6d449329b97370fbd06309803d8cb539d79e3
    dependencies:
    - name: idf
      require: private
      version: '>=4.1'
    source:
      registry_url: https://components.espressif.com
      type: service
    version: 1.1.1
  idf:
    source:
      type: idf
    version: 5.4.2
  state_machine:
    component_hash: 5c625d38cc21639fba4226f836521f8a3499481b42b22f9f3b8f909e7a332cc0
    dependencies:
    - name: idf
      version: '>=5.4'
    source:
      git: https://github.com/jwalkerbg/state_machine.git
      path: .
      type: git
    version: 6230064c9e4997b930c73d6fa8cac763c891f1f4
direct_dependencies:
- espressif/button
- state_machine
manifest_hash: fa99c164f8467d5f3e49209543dc28712af11c6d98346615fdac3013800c1d77
target: esp32s3
version: 2.0.0
